// !$*UTF8*$!
{
	archiveVersion = 1;
	classes = {
	};
	objectVersion = 46;
	objects = {

/* Begin PBXBuildFile section */
		3D32A6DC1A4CF4C00013A3F7 /* AppDelegate.swift in Sources */ = {isa = PBXBuildFile; fileRef = 3D32A6DB1A4CF4C00013A3F7 /* AppDelegate.swift */; };
		3D32A6DF1A4CF4C00013A3F7 /* TestProject.xcdatamodeld in Sources */ = {isa = PBXBuildFile; fileRef = 3D32A6DD1A4CF4C00013A3F7 /* TestProject.xcdatamodeld */; };
		3D32A6E11A4CF4C00013A3F7 /* ViewController.swift in Sources */ = {isa = PBXBuildFile; fileRef = 3D32A6E01A4CF4C00013A3F7 /* ViewController.swift */; };
		3D32A6E41A4CF4C00013A3F7 /* Main.storyboard in Resources */ = {isa = PBXBuildFile; fileRef = 3D32A6E21A4CF4C00013A3F7 /* Main.storyboard */; };
		3D32A6E61A4CF4C00013A3F7 /* Images.xcassets in Resources */ = {isa = PBXBuildFile; fileRef = 3D32A6E51A4CF4C00013A3F7 /* Images.xcassets */; };
		3D32A6E91A4CF4C00013A3F7 /* LaunchScreen.xib in Resources */ = {isa = PBXBuildFile; fileRef = 3D32A6E71A4CF4C00013A3F7 /* LaunchScreen.xib */; };
		3D32A6F51A4CF4C00013A3F7 /* TestProjectTests.swift in Sources */ = {isa = PBXBuildFile; fileRef = 3D32A6F41A4CF4C00013A3F7 /* TestProjectTests.swift */; };
/* End PBXBuildFile section */

/* Begin PBXContainerItemProxy section */
		3D32A6EF1A4CF4C00013A3F7 /* PBXContainerItemProxy */ = {
			isa = PBXContainerItemProxy;
			containerPortal = 3D32A6CE1A4CF4C00013A3F7 /* Project object */;
			proxyType = 1;
			remoteGlobalIDString = 3D32A6D51A4CF4C00013A3F7;
			remoteInfo = TestProject;
		};
/* End PBXContainerItemProxy section */

/* Begin PBXFileReference section */
		3D32A6D61A4CF4C00013A3F7 /* TestProject.app */ = {isa = PBXFileReference; explicitFileType = wrapper.application; includeInIndex = 0; path = TestProject.app; sourceTree = BUILT_PRODUCTS_DIR; };
		3D32A6DA1A4CF4C00013A3F7 /* Info.plist */ = {isa = PBXFileReference; lastKnownFileType = text.plist.xml; path = Info.plist; sourceTree = "<group>"; };
		3D32A6DB1A4CF4C00013A3F7 /* AppDelegate.swift */ = {isa = PBXFileReference; lastKnownFileType = sourcecode.swift; path = AppDelegate.swift; sourceTree = "<group>"; usesTabs = 1; };
		3D32A6DE1A4CF4C00013A3F7 /* TestProject.xcdatamodel */ = {isa = PBXFileReference; lastKnownFileType = wrapper.xcdatamodel; path = TestProject.xcdatamodel; sourceTree = "<group>"; };
		3D32A6E01A4CF4C00013A3F7 /* ViewController.swift */ = {isa = PBXFileReference; lastKnownFileType = sourcecode.swift; path = ViewController.swift; sourceTree = "<group>"; };
		3D32A6E31A4CF4C00013A3F7 /* Base */ = {isa = PBXFileReference; lastKnownFileType = file.storyboard; name = Base; path = Base.lproj/Main.storyboard; sourceTree = "<group>"; };
		3D32A6E51A4CF4C00013A3F7 /* Images.xcassets */ = {isa = PBXFileReference; lastKnownFileType = folder.assetcatalog; path = Images.xcassets; sourceTree = "<group>"; };
		3D32A6E81A4CF4C00013A3F7 /* Base */ = {isa = PBXFileReference; lastKnownFileType = file.xib; name = Base; path = Base.lproj/LaunchScreen.xib; sourceTree = "<group>"; };
		3D32A6EE1A4CF4C00013A3F7 /* TestProjectTests.xctest */ = {isa = PBXFileReference; explicitFileType = wrapper.cfbundle; includeInIndex = 0; path = TestProjectTests.xctest; sourceTree = BUILT_PRODUCTS_DIR; };
		3D32A6F31A4CF4C00013A3F7 /* Info.plist */ = {isa = PBXFileReference; lastKnownFileType = text.plist.xml; path = Info.plist; sourceTree = "<group>"; };
		3D32A6F41A4CF4C00013A3F7 /* TestProjectTests.swift */ = {isa = PBXFileReference; lastKnownFileType = sourcecode.swift; path = TestProjectTests.swift; sourceTree = "<group>"; };
/* End PBXFileReference section */

/* Begin PBXFrameworksBuildPhase section */
		3D32A6D31A4CF4C00013A3F7 /* Frameworks */ = {
			isa = PBXFrameworksBuildPhase;
			buildActionMask = 2147483647;
			files = (
			);
			runOnlyForDeploymentPostprocessing = 0;
		};
		3D32A6EB1A4CF4C00013A3F7 /* Frameworks */ = {
			isa = PBXFrameworksBuildPhase;
			buildActionMask = 2147483647;
			files = (
			);
			runOnlyForDeploymentPostprocessing = 0;
		};
/* End PBXFrameworksBuildPhase section */

/* Begin PBXGroup section */
		3D32A6CD1A4CF4C00013A3F7 = {
			isa = PBXGroup;
			children = (
				3D32A6D81A4CF4C00013A3F7 /* TestProject */,
				3D32A6F11A4CF4C00013A3F7 /* TestProjectTests */,
				3D32A6D71A4CF4C00013A3F7 /* Products */,
			);
			sourceTree = "<group>";
		};
		3D32A6D71A4CF4C00013A3F7 /* Products */ = {
			isa = PBXGroup;
			children = (
				3D32A6D61A4CF4C00013A3F7 /* TestProject.app */,
				3D32A6EE1A4CF4C00013A3F7 /* TestProjectTests.xctest */,
			);
			name = Products;
			sourceTree = "<group>";
		};
		3D32A6D81A4CF4C00013A3F7 /* TestProject */ = {
			isa = PBXGroup;
			children = (
				3D32A6DB1A4CF4C00013A3F7 /* AppDelegate.swift */,
				3D32A6E01A4CF4C00013A3F7 /* ViewController.swift */,
				3D32A6E21A4CF4C00013A3F7 /* Main.storyboard */,
				3D32A6E51A4CF4C00013A3F7 /* Images.xcassets */,
				3D32A6E71A4CF4C00013A3F7 /* LaunchScreen.xib */,
				3D32A6DD1A4CF4C00013A3F7 /* TestProject.xcdatamodeld */,
				3D32A6D91A4CF4C00013A3F7 /* Supporting Files */,
			);
			path = TestProject;
			sourceTree = "<group>";
		};
		3D32A6D91A4CF4C00013A3F7 /* Supporting Files */ = {
			isa = PBXGroup;
			children = (
				3D32A6DA1A4CF4C00013A3F7 /* Info.plist */,
			);
			name = "Supporting Files";
			sourceTree = "<group>";
		};
		3D32A6F11A4CF4C00013A3F7 /* TestProjectTests */ = {
			isa = PBXGroup;
			children = (
				3D32A6F41A4CF4C00013A3F7 /* TestProjectTests.swift */,
				3D32A6F21A4CF4C00013A3F7 /* Supporting Files */,
			);
			path = TestProjectTests;
			sourceTree = "<group>";
		};
		3D32A6F21A4CF4C00013A3F7 /* Supporting Files */ = {
			isa = PBXGroup;
			children = (
				3D32A6F31A4CF4C00013A3F7 /* Info.plist */,
			);
			name = "Supporting Files";
			sourceTree = "<group>";
		};
/* End PBXGroup section */

/* Begin PBXNativeTarget section */
		3D32A6D51A4CF4C00013A3F7 /* TestProject */ = {
			isa = PBXNativeTarget;
			buildConfigurationList = 3D32A6F81A4CF4C00013A3F7 /* Build configuration list for PBXNativeTarget "TestProject" */;
			buildPhases = (
				3D32A6D21A4CF4C00013A3F7 /* Sources */,
				3D32A6D31A4CF4C00013A3F7 /* Frameworks */,
				3D32A6D41A4CF4C00013A3F7 /* Resources */,
			);
			buildRules = (
			);
			dependencies = (
			);
			name = TestProject;
			productName = TestProject;
			productReference = 3D32A6D61A4CF4C00013A3F7 /* TestProject.app */;
			productType = "com.apple.product-type.application";
		};
		3D32A6ED1A4CF4C00013A3F7 /* TestProjectTests */ = {
			isa = PBXNativeTarget;
			buildConfigurationList = 3D32A6FB1A4CF4C00013A3F7 /* Build configuration list for PBXNativeTarget "TestProjectTests" */;
			buildPhases = (
				3D32A6EA1A4CF4C00013A3F7 /* Sources */,
				3D32A6EB1A4CF4C00013A3F7 /* Frameworks */,
				3D32A6EC1A4CF4C00013A3F7 /* Resources */,
			);
			buildRules = (
			);
			dependencies = (
				3D32A6F01A4CF4C00013A3F7 /* PBXTargetDependency */,
			);
			name = TestProjectTests;
			productName = TestProjectTests;
			productReference = 3D32A6EE1A4CF4C00013A3F7 /* TestProjectTests.xctest */;
			productType = "com.apple.product-type.bundle.unit-test";
		};
/* End PBXNativeTarget section */

/* Begin PBXProject section */
		3D32A6CE1A4CF4C00013A3F7 /* Project object */ = {
			isa = PBXProject;
			attributes = {
				LastUpgradeCheck = 0610;
				ORGANIZATIONNAME = "William Qin";
				TargetAttributes = {
					3D32A6D51A4CF4C00013A3F7 = {
						CreatedOnToolsVersion = 6.1;
					};
					3D32A6ED1A4CF4C00013A3F7 = {
						CreatedOnToolsVersion = 6.1;
						TestTargetID = 3D32A6D51A4CF4C00013A3F7;
					};
				};
			};
			buildConfigurationList = 3D32A6D11A4CF4C00013A3F7 /* Build configuration list for PBXProject "TestProject" */;
			compatibilityVersion = "Xcode 3.2";
			developmentRegion = English;
			hasScannedForEncodings = 0;
			knownRegions = (
				en,
				Base,
			);
			mainGroup = 3D32A6CD1A4CF4C00013A3F7;
			productRefGroup = 3D32A6D71A4CF4C00013A3F7 /* Products */;
			projectDirPath = "";
			projectRoot = "";
			targets = (
				3D32A6D51A4CF4C00013A3F7 /* TestProject */,
				3D32A6ED1A4CF4C00013A3F7 /* TestProjectTests */,
			);
		};
/* End PBXProject section */

/* Begin PBXResourcesBuildPhase section */
		3D32A6D41A4CF4C00013A3F7 /* Resources */ = {
			isa = PBXResourcesBuildPhase;
			buildActionMask = 2147483647;
			files = (
				3D32A6E41A4CF4C00013A3F7 /* Main.storyboard in Resources */,
				3D32A6E91A4CF4C00013A3F7 /* LaunchScreen.xib in Resources */,
				3D32A6E61A4CF4C00013A3F7 /* Images.xcassets in Resources */,
			);
			runOnlyForDeploymentPostprocessing = 0;
		};
		3D32A6EC1A4CF4C00013A3F7 /* Resources */ = {
			isa = PBXResourcesBuildPhase;
			buildActionMask = 2147483647;
			files = (
			);
			runOnlyForDeploymentPostprocessing = 0;
		};
/* End PBXResourcesBuildPhase section */

/* Begin PBXSourcesBuildPhase section */
		3D32A6D21A4CF4C00013A3F7 /* Sources */ = {
			isa = PBXSourcesBuildPhase;
			buildActionMask = 2147483647;
			files = (
				3D32A6E11A4CF4C00013A3F7 /* ViewController.swift in Sources */,
				3D32A6DC1A4CF4C00013A3F7 /* AppDelegate.swift in Sources */,
				3D32A6DF1A4CF4C00013A3F7 /* TestProject.xcdatamodeld in Sources */,
			);
			runOnlyForDeploymentPostprocessing = 0;
		};
		3D32A6EA1A4CF4C00013A3F7 /* Sources */ = {
			isa = PBXSourcesBuildPhase;
			buildActionMask = 2147483647;
			files = (
				3D32A6F51A4CF4C00013A3F7 /* TestProjectTests.swift in Sources */,
			);
			runOnlyForDeploymentPostprocessing = 0;
		};
/* End PBXSourcesBuildPhase section */

/* Begin PBXTargetDependency section */
		3D32A6F01A4CF4C00013A3F7 /* PBXTargetDependency */ = {
			isa = PBXTargetDependency;
			target = 3D32A6D51A4CF4C00013A3F7 /* TestProject */;
			targetProxy = 3D32A6EF1A4CF4C00013A3F7 /* PBXContainerItemProxy */;
		};
/* End PBXTargetDependency section */

/* Begin PBXVariantGroup section */
		3D32A6E21A4CF4C00013A3F7 /* Main.storyboard */ = {
			isa = PBXVariantGroup;
			children = (
				3D32A6E31A4CF4C00013A3F7 /* Base */,
			);
			name = Main.storyboard;
			sourceTree = "<group>";
		};
		3D32A6E71A4CF4C00013A3F7 /* LaunchScreen.xib */ = {
			isa = PBXVariantGroup;
			children = (
				3D32A6E81A4CF4C00013A3F7 /* Base */,
			);
			name = LaunchScreen.xib;
			sourceTree = "<group>";
		};
/* End PBXVariantGroup section */

/* Begin XCBuildConfiguration section */
		3D32A6F61A4CF4C00013A3F7 /* Debug */ = {
			isa = XCBuildConfiguration;
			buildSettings = {
				ALWAYS_SEARCH_USER_PATHS = NO;
				CLANG_CXX_LANGUAGE_STANDARD = "gnu++0x";
				CLANG_CXX_LIBRARY = "libc++";
				CLANG_ENABLE_MODULES = YES;
				CLANG_ENABLE_OBJC_ARC = YES;
				CLANG_WARN_BOOL_CONVERSION = YES;
				CLANG_WARN_CONSTANT_CONVERSION = YES;
				CLANG_WARN_DIRECT_OBJC_ISA_USAGE = YES_ERROR;
				CLANG_WARN_EMPTY_BODY = YES;
				CLANG_WARN_ENUM_CONVERSION = YES;
				CLANG_WARN_INT_CONVERSION = YES;
				CLANG_WARN_OBJC_ROOT_CLASS = YES_ERROR;
				CLANG_WARN_UNREACHABLE_CODE = YES;
				CLANG_WARN__DUPLICATE_METHOD_MATCH = YES;
				"CODE_SIGN_IDENTITY[sdk=iphoneos*]" = "iPhone Developer";
				COPY_PHASE_STRIP = NO;
				ENABLE_STRICT_OBJC_MSGSEND = YES;
				GCC_C_LANGUAGE_STANDARD = gnu99;
				GCC_DYNAMIC_NO_PIC = NO;
				GCC_OPTIMIZATION_LEVEL = 0;
				GCC_PREPROCESSOR_DEFINITIONS = (
					"DEBUG=1",
					"$(inherited)",
				);
				GCC_SYMBOLS_PRIVATE_EXTERN = NO;
				GCC_WARN_64_TO_32_BIT_CONVERSION = YES;
				GCC_WARN_ABOUT_RETURN_TYPE = YES_ERROR;
				GCC_WARN_UNDECLARED_SELECTOR = YES;
				GCC_WARN_UNINITIALIZED_AUTOS = YES_AGGRESSIVE;
				GCC_WARN_UNUSED_FUNCTION = YES;
				GCC_WARN_UNUSED_VARIABLE = YES;
				IPHONEOS_DEPLOYMENT_TARGET = 8.1;
				MTL_ENABLE_DEBUG_INFO = YES;
				ONLY_ACTIVE_ARCH = YES;
				SDKROOT = iphoneos;
				SWIFT_OPTIMIZATION_LEVEL = "-Onone";
				TARGETED_DEVICE_FAMILY = "1,2";
			};
			name = Debug;
		};
		3D32A6F71A4CF4C00013A3F7 /* Release */ = {
			isa = XCBuildConfiguration;
			buildSettings = {
				ALWAYS_SEARCH_USER_PATHS = NO;
				CLANG_CXX_LANGUAGE_STANDARD = "gnu++0x";
				CLANG_CXX_LIBRARY = "libc++";
				CLANG_ENABLE_MODULES = YES;
				CLANG_ENABLE_OBJC_ARC = YES;
				CLANG_WARN_BOOL_CONVERSION = YES;
				CLANG_WARN_CONSTANT_CONVERSION = YES;
				CLANG_WARN_DIRECT_OBJC_ISA_USAGE = YES_ERROR;
				CLANG_WARN_EMPTY_BODY = YES;
				CLANG_WARN_ENUM_CONVERSION = YES;
				CLANG_WARN_INT_CONVERSION = YES;
				CLANG_WARN_OBJC_ROOT_CLASS = YES_ERROR;
				CLANG_WARN_UNREACHABLE_CODE = YES;
				CLANG_WARN__DUPLICATE_METHOD_MATCH = YES;
				"CODE_SIGN_IDENTITY[sdk=iphoneos*]" = "iPhone Developer";
				COPY_PHASE_STRIP = YES;
				ENABLE_NS_ASSERTIONS = NO;
				ENABLE_STRICT_OBJC_MSGSEND = YES;
				GCC_C_LANGUAGE_STANDARD = gnu99;
				GCC_WARN_64_TO_32_BIT_CONVERSION = YES;
				GCC_WARN_ABOUT_RETURN_TYPE = YES_ERROR;
				GCC_WARN_UNDECLARED_SELECTOR = YES;
				GCC_WARN_UNINITIALIZED_AUTOS = YES_AGGRESSIVE;
				GCC_WARN_UNUSED_FUNCTION = YES;
				GCC_WARN_UNUSED_VARIABLE = YES;
				IPHONEOS_DEPLOYMENT_TARGET = 8.1;
				MTL_ENABLE_DEBUG_INFO = NO;
				SDKROOT = iphoneos;
				TARGETED_DEVICE_FAMILY = "1,2";
				VALIDATE_PRODUCT = YES;
			};
			name = Release;
		};
		3D32A6F91A4CF4C00013A3F7 /* Debug */ = {
			isa = XCBuildConfiguration;
			buildSettings = {
				ASSETCATALOG_COMPILER_APPICON_NAME = AppIcon;
				INFOPLIST_FILE = TestProject/Info.plist;
				LD_RUNPATH_SEARCH_PATHS = "$(inherited) @executable_path/Frameworks";
				PRODUCT_NAME = "$(TARGET_NAME)";
			};
			name = Debug;
		};
		3D32A6FA1A4CF4C00013A3F7 /* Release */ = {
			isa = XCBuildConfiguration;
			buildSettings = {
				ASSETCATALOG_COMPILER_APPICON_NAME = AppIcon;
				INFOPLIST_FILE = TestProject/Info.plist;
				LD_RUNPATH_SEARCH_PATHS = "$(inherited) @executable_path/Frameworks";
				PRODUCT_NAME = "$(TARGET_NAME)";
			};
			name = Release;
		};
		3D32A6FC1A4CF4C00013A3F7 /* Debug */ = {
			isa = XCBuildConfiguration;
			buildSettings = {
				BUNDLE_LOADER = "$(TEST_HOST)";
				FRAMEWORK_SEARCH_PATHS = (
					"$(SDKROOT)/Developer/Library/Frameworks",
					"$(inherited)",
				);
				GCC_PREPROCESSOR_DEFINITIONS = (
					"DEBUG=1",
					"$(inherited)",
				);
				INFOPLIST_FILE = TestProjectTests/Info.plist;
				LD_RUNPATH_SEARCH_PATHS = "$(inherited) @executable_path/Frameworks @loader_path/Frameworks";
				PRODUCT_NAME = "$(TARGET_NAME)";
				TEST_HOST = "$(BUILT_PRODUCTS_DIR)/TestProject.app/TestProject";
			};
			name = Debug;
		};
		3D32A6FD1A4CF4C00013A3F7 /* Release */ = {
			isa = XCBuildConfiguration;
			buildSettings = {
				BUNDLE_LOADER = "$(TEST_HOST)";
				FRAMEWORK_SEARCH_PATHS = (
					"$(SDKROOT)/Developer/Library/Frameworks",
					"$(inherited)",
				);
				INFOPLIST_FILE = TestProjectTests/Info.plist;
				LD_RUNPATH_SEARCH_PATHS = "$(inherited) @executable_path/Frameworks @loader_path/Frameworks";
				PRODUCT_NAME = "$(TARGET_NAME)";
				TEST_HOST = "$(BUILT_PRODUCTS_DIR)/TestProject.app/TestProject";
			};
			name = Release;
		};
/* End XCBuildConfiguration section */

/* Begin XCConfigurationList section */
		3D32A6D11A4CF4C00013A3F7 /* Build configuration list for PBXProject "TestProject" */ = {
			isa = XCConfigurationList;
			buildConfigurations = (
				3D32A6F61A4CF4C00013A3F7 /* Debug */,
				3D32A6F71A4CF4C00013A3F7 /* Release */,
			);
			defaultConfigurationIsVisible = 0;
			defaultConfigurationName = Release;
		};
		3D32A6F81A4CF4C00013A3F7 /* Build configuration list for PBXNativeTarget "TestProject" */ = {
			isa = XCConfigurationList;
			buildConfigurations = (
				3D32A6F91A4CF4C00013A3F7 /* Debug */,
				3D32A6FA1A4CF4C00013A3F7 /* Release */,
			);
			defaultConfigurationIsVisible = 0;
		};
		3D32A6FB1A4CF4C00013A3F7 /* Build configuration list for PBXNativeTarget "TestProjectTests" */ = {
			isa = XCConfigurationList;
			buildConfigurations = (
				3D32A6FC1A4CF4C00013A3F7 /* Debug */,
				3D32A6FD1A4CF4C00013A3F7 /* Release */,
			);
			defaultConfigurationIsVisible = 0;
		};
/* End XCConfigurationList section */

/* Begin XCVersionGroup section */
		3D32A6DD1A4CF4C00013A3F7 /* TestProject.xcdatamodeld */ = {
			isa = XCVersionGroup;
			children = (
				3D32A6DE1A4CF4C00013A3F7 /* TestProject.xcdatamodel */,
			);
			currentVersion = 3D32A6DE1A4CF4C00013A3F7 /* TestProject.xcdatamodel */;
			path = TestProject.xcdatamodeld;
			sourceTree = "<group>";
			versionGroupType = wrapper.xcdatamodel;
		};
/* End XCVersionGroup section */
	};
	rootObject = 3D32A6CE1A4CF4C00013A3F7 /* Project object */;
}
